
Microsoft Visual Studio Solution File, Format Version 12.00
# Visual Studio Version 17
VisualStudioVersion = 17.11.35327.3
MinimumVisualStudioVersion = 10.0.40219.1
Project("{9A19103F-16F7-4668-BE54-9A1E7A4F7556}") = "jorn", "jorn\jorn.csproj", "{547A8957-BDE1-4F12-97F1-16B48DD37865}"
EndProject
Project("{FAE04EC0-301F-11D3-BF4B-00C04F79EFBC}") = "jorn.Tests", "jorn.Tests\jorn.Tests.csproj", "{5EF56134-849F-4D3C-9A50-BD0627795702}"
EndProject
Global
	GlobalSection(SolutionConfigurationPlatforms) = preSolution
		Debug|Any CPU = Debug|Any CPU
		Release|Any CPU = Release|Any CPU
	EndGlobalSection
	GlobalSection(ProjectConfigurationPlatforms) = postSolution
		{547A8957-BDE1-4F12-97F1-16B48DD37865}.Debug|Any CPU.ActiveCfg = Debug|Any CPU
		{547A8957-BDE1-4F12-97F1-16B48DD37865}.Debug|Any CPU.Build.0 = Debug|Any CPU
		{547A8957-BDE1-4F12-97F1-16B48DD37865}.Release|Any CPU.ActiveCfg = Release|Any CPU
		{547A8957-BDE1-4F12-97F1-16B48DD37865}.Release|Any CPU.Build.0 = Release|Any CPU
		{5EF56134-849F-4D3C-9A50-BD0627795702}.Debug|Any CPU.ActiveCfg = Debug|Any CPU
		{5EF56134-849F-4D3C-9A50-BD0627795702}.Debug|Any CPU.Build.0 = Debug|Any CPU
		{5EF56134-849F-4D3C-9A50-BD0627795702}.Release|Any CPU.ActiveCfg = Release|Any CPU
		{5EF56134-849F-4D3C-9A50-BD0627795702}.Release|Any CPU.Build.0 = Release|Any CPU
	EndGlobalSection
	GlobalSection(SolutionProperties) = preSolution
		HideSolutionNode = FALSE
	EndGlobalSection
	GlobalSection(ExtensibilityGlobals) = postSolution
		SolutionGuid = {6FF54695-B063-4964-B073-634CE646D879}
	EndGlobalSection
EndGlobal
